# Auto-generated by update-plugin-hashes.sh — do not edit manually
# Format: crate_name = sha256_of_src_tree

travsr-plugin-host = 921bdca40adaec8a7ee6311c2e2958de0ef2e2f3a1ae425089af8dc857a44415
travsr-plugin-protocol = 04e0a74790c138e36642a01155a795ae894962cb5757de8c3a64d8a66794472e
travsr-plugin-sdk = 16c6919ba1646604a377ae148a65d07ca50e05e1f348f29ee075208d67570da0
